
Microsoft Visual Studio Solution File, Format Version 12.00
# Visual Studio Version 17
VisualStudioVersion = 17.5.002.0
MinimumVisualStudioVersion = 10.0.40219.1
Project("{9A19103F-16F7-4668-BE54-9A1E7A4F7556}") = "MongoDb.Data", "MongoDb.Data\MongoDb.Data.csproj", "{DA880CC5-CE33-4B74-BD16-D4DAA44F8554}"
EndProject
Project("{9A19103F-16F7-4668-BE54-9A1E7A4F7556}") = "WebApi", "WebApi\WebApi.csproj", "{0DDF1A34-C193-49D0-8F4B-D558314E733B}"
EndProject
Global
	GlobalSection(SolutionConfigurationPlatforms) = preSolution
		Debug|Any CPU = Debug|Any CPU
		Release|Any CPU = Release|Any CPU
	EndGlobalSection
	GlobalSection(ProjectConfigurationPlatforms) = postSolution
		{DA880CC5-CE33-4B74-BD16-D4DAA44F8554}.Debug|Any CPU.ActiveCfg = Debug|Any CPU
		{DA880CC5-CE33-4B74-BD16-D4DAA44F8554}.Debug|Any CPU.Build.0 = Debug|Any CPU
		{DA880CC5-CE33-4B74-BD16-D4DAA44F8554}.Release|Any CPU.ActiveCfg = Release|Any CPU
		{DA880CC5-CE33-4B74-BD16-D4DAA44F8554}.Release|Any CPU.Build.0 = Release|Any CPU
		{0DDF1A34-C193-49D0-8F4B-D558314E733B}.Debug|Any CPU.ActiveCfg = Debug|Any CPU
		{0DDF1A34-C193-49D0-8F4B-D558314E733B}.Debug|Any CPU.Build.0 = Debug|Any CPU
		{0DDF1A34-C193-49D0-8F4B-D558314E733B}.Release|Any CPU.ActiveCfg = Release|Any CPU
		{0DDF1A34-C193-49D0-8F4B-D558314E733B}.Release|Any CPU.Build.0 = Release|Any CPU
	EndGlobalSection
	GlobalSection(SolutionProperties) = preSolution
		HideSolutionNode = FALSE
	EndGlobalSection
	GlobalSection(ExtensibilityGlobals) = postSolution
		SolutionGuid = {1C82DFA3-AFBE-42DB-AA98-0AD956D739E3}
	EndGlobalSection
EndGlobal
